# This file is generated by running "yarn install" inside your project.
# Manual changes might be lost - proceed with caution!

__metadata:
  version: 6

"trade-tariff-cloudwatch-synthetics@workspace:.":
  version: 0.0.0-use.local
  resolution: "trade-tariff-cloudwatch-synthetics@workspace:."
  languageName: unknown
  linkType: soft
